PODS:
  - audioplayers_darwin (0.0.1):
    - Flutter
    - FlutterMacOS
  - face_mesh (0.0.1):
    - Flutter
    - MediaPipeTasksVision
  - Flutter (1.0.0)
  - image_picker_ios (0.0.1):
    - Flutter
  - MediaPipeTasksCommon (0.10.21)
  - MediaPipeTasksVision (0.10.21):
    - MediaPipeTasksCommon (= 0.10.21)
  - path_provider_foundation (0.0.1):
    - Flutter
    - FlutterMacOS
  - record_ios (1.2.1):
    - Flutter
  - screen_capture (0.0.1):
    - Flutter
  - share_plus (0.0.1):
    - Flutter
  - sherpa_onnx_ios (1.13.7):
    - Flutter
  - video_player_avfoundation (0.0.1):
    - Flutter
    - FlutterMacOS

DEPENDENCIES:
  - audioplayers_darwin (from `.symlinks/plugins/audioplayers_darwin/darwin`)
  - face_mesh (from `.symlinks/plugins/face_mesh/ios`)
  - Flutter (from `Flutter`)
  - image_picker_ios (from `.symlinks/plugins/image_picker_ios/ios`)
  - path_provider_foundation (from `.symlinks/plugins/path_provider_foundation/darwin`)
  - record_ios (from `.symlinks/plugins/record_ios/ios`)
  - screen_capture (from `.symlinks/plugins/screen_capture/ios`)
  - share_plus (from `.symlinks/plugins/share_plus/ios`)
  - sherpa_onnx_ios (from `.symlinks/plugins/sherpa_onnx_ios/ios`)
  - video_player_avfoundation (from `.symlinks/plugins/video_player_avfoundation/darwin`)

SPEC REPOS:
  trunk:
    - MediaPipeTasksCommon
    - MediaPipeTasksVision

EXTERNAL SOURCES:
  audioplayers_darwin:
    :path: ".symlinks/plugins/audioplayers_darwin/darwin"
  face_mesh:
    :path: ".symlinks/plugins/face_mesh/ios"
  Flutter:
    :path: Flutter
  image_picker_ios:
    :path: ".symlinks/plugins/image_picker_ios/ios"
  path_provider_foundation:
    :path: ".symlinks/plugins/path_provider_foundation/darwin"
  record_ios:
    :path: ".symlinks/plugins/record_ios/ios"
  screen_capture:
    :path: ".symlinks/plugins/screen_capture/ios"
  share_plus:
    :path: ".symlinks/plugins/share_plus/ios"
  sherpa_onnx_ios:
    :path: ".symlinks/plugins/sherpa_onnx_ios/ios"
  video_player_avfoundation:
    :path: ".symlinks/plugins/video_player_avfoundation/darwin"

SPEC CHECKSUMS:
  audioplayers_darwin: 835ced6edd4c9fc8ebb0a7cc9e294a91d99917d5
  face_mesh: 017ea49f290658395768ab691a370c1ff57602b9
  Flutter: cabc95a1d2626b1b06e7179b784ebcf0c0cde467
  image_picker_ios: e0ece4aa2a75771a7de3fa735d26d90817041326
  MediaPipeTasksCommon: 6cfa29170d4900f04d250ad95ec058f14a741f38
  MediaPipeTasksVision: 7b1c0f5a5820e87e9d96926f5e65d8cd3744fac2
  path_provider_foundation: bb55f6dbba17d0dccd6737fe6f7f34fbd0376880
  record_ios: 980fd386a97a35987d0fce3dfda4b26a38c90f4c
  screen_capture: 46a3692460c7e2d3dc630fc07ef0bfa5b6e38351
  share_plus: 50da8cb520a8f0f65671c6c6a99b3617ed10a58a
  sherpa_onnx_ios: f34753f0c1fa978718e7e9c213f984b5dff43e46
  video_player_avfoundation: dd410b52df6d2466a42d28550e33e4146928280a

PODFILE CHECKSUM: 3c63482e143d1b91d2d2560aee9fb04ecc74ac7e

COCOAPODS: 1.16.2
